# This file is automatically @generated by Wally.
# It is not intended for manual editing.
registry = "test"

[[package]]
name = "rbxts-libraries/rbxts-cleanser"
version = "0.1.0"
dependencies = [["Cleanser", "robloxiandemo/cleanser@0.1.8"]]

[[package]]
name = "robloxiandemo/cleanser"
version = "0.1.8"
dependencies = []
